
Microsoft Visual Studio Solution File, Format Version 12.00
# Visual Studio Version 17
VisualStudioVersion = 17.9.34728.123
MinimumVisualStudioVersion = 10.0.40219.1
Project("{FAE04EC0-301F-11D3-BF4B-00C04F79EFBC}") = "NumeroInicialEFinal", "NumeroInicialEFinal\NumeroInicialEFinal.csproj", "{A9509278-3525-44C6-BC7B-1472359DE3BC}"
EndProject
Global
	GlobalSection(SolutionConfigurationPlatforms) = preSolution
		Debug|Any CPU = Debug|Any CPU
		Release|Any CPU = Release|Any CPU
	EndGlobalSection
	GlobalSection(ProjectConfigurationPlatforms) = postSolution
		{A9509278-3525-44C6-BC7B-1472359DE3BC}.Debug|Any CPU.ActiveCfg = Debug|Any CPU
		{A9509278-3525-44C6-BC7B-1472359DE3BC}.Debug|Any CPU.Build.0 = Debug|Any CPU
		{A9509278-3525-44C6-BC7B-1472359DE3BC}.Release|Any CPU.ActiveCfg = Release|Any CPU
		{A9509278-3525-44C6-BC7B-1472359DE3BC}.Release|Any CPU.Build.0 = Release|Any CPU
	EndGlobalSection
	GlobalSection(SolutionProperties) = preSolution
		HideSolutionNode = FALSE
	EndGlobalSection
	GlobalSection(ExtensibilityGlobals) = postSolution
		SolutionGuid = {BB890803-BD95-4634-957A-29B624C73DA0}
	EndGlobalSection
EndGlobal
